
Microsoft Visual Studio Solution File, Format Version 12.00
# Visual Studio Version 17
VisualStudioVersion = 17.9.34714.143
MinimumVisualStudioVersion = 10.0.40219.1
Project("{FAE04EC0-301F-11D3-BF4B-00C04F79EFBC}") = "Presentation", "Presentation\Presentation.csproj", "{E69F0DA4-F0B2-4015-8D18-E532F751518E}"
EndProject
Project("{FAE04EC0-301F-11D3-BF4B-00C04F79EFBC}") = "Application", "Application\Application.csproj", "{6B55B655-698C-4D34-B163-8357BC953A71}"
EndProject
Project("{FAE04EC0-301F-11D3-BF4B-00C04F79EFBC}") = "Domain", "Domain\Domain.csproj", "{4306DD88-4EE5-4729-BF9C-F14C27914F33}"
EndProject
Project("{FAE04EC0-301F-11D3-BF4B-00C04F79EFBC}") = "Infrastructure", "Infrastructure\Infrastructure.csproj", "{3B7EFB95-5B60-4679-B1E8-696F6A0642B4}"
EndProject
Global
	GlobalSection(SolutionConfigurationPlatforms) = preSolution
		Debug|Any CPU = Debug|Any CPU
		Release|Any CPU = Release|Any CPU
	EndGlobalSection
	GlobalSection(ProjectConfigurationPlatforms) = postSolution
		{E69F0DA4-F0B2-4015-8D18-E532F751518E}.Debug|Any CPU.ActiveCfg = Debug|Any CPU
		{E69F0DA4-F0B2-4015-8D18-E532F751518E}.Debug|Any CPU.Build.0 = Debug|Any CPU
		{E69F0DA4-F0B2-4015-8D18-E532F751518E}.Release|Any CPU.ActiveCfg = Release|Any CPU
		{E69F0DA4-F0B2-4015-8D18-E532F751518E}.Release|Any CPU.Build.0 = Release|Any CPU
		{6B55B655-698C-4D34-B163-8357BC953A71}.Debug|Any CPU.ActiveCfg = Debug|Any CPU
		{6B55B655-698C-4D34-B163-8357BC953A71}.Debug|Any CPU.Build.0 = Debug|Any CPU
		{6B55B655-698C-4D34-B163-8357BC953A71}.Release|Any CPU.ActiveCfg = Release|Any CPU
		{6B55B655-698C-4D34-B163-8357BC953A71}.Release|Any CPU.Build.0 = Release|Any CPU
		{4306DD88-4EE5-4729-BF9C-F14C27914F33}.Debug|Any CPU.ActiveCfg = Debug|Any CPU
		{4306DD88-4EE5-4729-BF9C-F14C27914F33}.Debug|Any CPU.Build.0 = Debug|Any CPU
		{4306DD88-4EE5-4729-BF9C-F14C27914F33}.Release|Any CPU.ActiveCfg = Release|Any CPU
		{4306DD88-4EE5-4729-BF9C-F14C27914F33}.Release|Any CPU.Build.0 = Release|Any CPU
		{3B7EFB95-5B60-4679-B1E8-696F6A0642B4}.Debug|Any CPU.ActiveCfg = Debug|Any CPU
		{3B7EFB95-5B60-4679-B1E8-696F6A0642B4}.Debug|Any CPU.Build.0 = Debug|Any CPU
		{3B7EFB95-5B60-4679-B1E8-696F6A0642B4}.Release|Any CPU.ActiveCfg = Release|Any CPU
		{3B7EFB95-5B60-4679-B1E8-696F6A0642B4}.Release|Any CPU.Build.0 = Release|Any CPU
	EndGlobalSection
	GlobalSection(SolutionProperties) = preSolution
		HideSolutionNode = FALSE
	EndGlobalSection
	GlobalSection(ExtensibilityGlobals) = postSolution
		SolutionGuid = {97028E09-6D6E-45EA-9369-559630D5D7B2}
	EndGlobalSection
EndGlobal
